
Microsoft Visual Studio Solution File, Format Version 12.00
# Visual Studio Version 17
VisualStudioVersion = 17.0.31912.275
MinimumVisualStudioVersion = 10.0.40219.1
Project("{FAE04EC0-301F-11D3-BF4B-00C04F79EFBC}") = "SalesManago.Microsoft.DependencyInjection", "SalesManago.Microsoft.DependencyInjection\SalesManago.Microsoft.DependencyInjection.csproj", "{873DB576-BD13-40C1-854C-83A982FA77A8}"
EndProject
Global
	GlobalSection(SolutionConfigurationPlatforms) = preSolution
		Debug|Any CPU = Debug|Any CPU
		Release|Any CPU = Release|Any CPU
	EndGlobalSection
	GlobalSection(ProjectConfigurationPlatforms) = postSolution
		{873DB576-BD13-40C1-854C-83A982FA77A8}.Debug|Any CPU.ActiveCfg = Debug|Any CPU
		{873DB576-BD13-40C1-854C-83A982FA77A8}.Debug|Any CPU.Build.0 = Debug|Any CPU
		{873DB576-BD13-40C1-854C-83A982FA77A8}.Release|Any CPU.ActiveCfg = Release|Any CPU
		{873DB576-BD13-40C1-854C-83A982FA77A8}.Release|Any CPU.Build.0 = Release|Any CPU
	EndGlobalSection
	GlobalSection(SolutionProperties) = preSolution
		HideSolutionNode = FALSE
	EndGlobalSection
	GlobalSection(ExtensibilityGlobals) = postSolution
		SolutionGuid = {E60EDB78-D561-49FA-B6FC-344D0B40CD93}
	EndGlobalSection
EndGlobal
